
Microsoft Visual Studio Solution File, Format Version 12.00
# Visual Studio Version 16
VisualStudioVersion = 16.0.30309.148
MinimumVisualStudioVersion = 10.0.40219.1
Project("{FAE04EC0-301F-11D3-BF4B-00C04F79EFBC}") = "Sunchoke", "Sunchoke\Sunchoke.csproj", "{22EDFCD9-1B79-4BD5-B6B3-80A26A63D5CC}"
EndProject
Global
	GlobalSection(SolutionConfigurationPlatforms) = preSolution
		Debug|Any CPU = Debug|Any CPU
		Release|Any CPU = Release|Any CPU
	EndGlobalSection
	GlobalSection(ProjectConfigurationPlatforms) = postSolution
		{22EDFCD9-1B79-4BD5-B6B3-80A26A63D5CC}.Debug|Any CPU.ActiveCfg = Debug|Any CPU
		{22EDFCD9-1B79-4BD5-B6B3-80A26A63D5CC}.Debug|Any CPU.Build.0 = Debug|Any CPU
		{22EDFCD9-1B79-4BD5-B6B3-80A26A63D5CC}.Release|Any CPU.ActiveCfg = Release|Any CPU
		{22EDFCD9-1B79-4BD5-B6B3-80A26A63D5CC}.Release|Any CPU.Build.0 = Release|Any CPU
	EndGlobalSection
	GlobalSection(SolutionProperties) = preSolution
		HideSolutionNode = FALSE
	EndGlobalSection
	GlobalSection(ExtensibilityGlobals) = postSolution
		SolutionGuid = {49D25AC3-7169-4ECE-AD3E-1091027526B6}
	EndGlobalSection
EndGlobal
